<?xml version="1.0" encoding="UTF-8" standalone="yes" ?>
<CodeBlocks_project_file>
	<FileVersion major="1" minor="6" />
	<Project>
		<Option title="SuperFowlFists" />
		<Option pch_mode="2" />
		<Option compiler="gcc" />
		<Build>
			<Target title="Debug Win32">
				<Option output="./Debug/FowlFists" prefix_auto="1" extension_auto="1" />
				<Option object_output="Debug/" />
				<Option deps_output="./Debug/" />
				<Option type="0" />
				<Option compiler="gcc" />
				<Compiler>
					<Add option="-Wall" />
					<Add option="-g" />
				</Compiler>
			</Target>
			<Target title="Debug x64">
				<Option output="./Debug/FowlFists" prefix_auto="1" extension_auto="1" />
				<Option object_output="Debug/" />
				<Option deps_output="./Debug/" />
				<Option type="0" />
				<Option compiler="gcc" />
				<Compiler>
					<Add option="-Wall" />
					<Add option="-g" />
				</Compiler>
			</Target>
			<Target title="Release x64">
				<Option output="./Release/FowlFists" prefix_auto="1" extension_auto="1" />
				<Option object_output="Release/" />
				<Option deps_output="./Release/" />
				<Option type="0" />
				<Option compiler="gcc" />
				<Compiler>
					<Add option="-Wall" />
				</Compiler>
			</Target>
			<Target title="Release Win32">
				<Option output="./Release/FowlFists" prefix_auto="1" extension_auto="1" />
				<Option object_output="Release/" />
				<Option deps_output="./Release/" />
				<Option type="0" />
				<Option compiler="gcc" />
				<Compiler>
					<Add option="-Wall" />
					<Add option="-std=c++14" />
					<Add option="-std=c17" />
				</Compiler>
			</Target>
		</Build>
		<Compiler>
			<Add directory="../Common/include" />
		</Compiler>
		<Linker>
			<Add library="../Common/lib/glut32.lib" />
			<Add library="../Common/lib/libSOIL.a" />
			<Add library="../Common/lib/libirrKlang.a" />
			<Add library="opengl32" />
			<Add library="glu32" />
			<Add library="gdi32" />
			<Add directory="../Common/lib" />
		</Linker>
		<ExtraCommands>
			<Add after='cmd /c copy &quot;$(PROJECT_DIR)..\Common\bin\Win32&quot; &quot;$(TARGET_OUTPUT_DIR)&quot;;' />
			<Add after='cmd /c mkdir &quot;$(TARGET_OUTPUT_DIR)Assets&quot;;' />
			<Add after='cmd /c copy &quot;$(PROJECT_DIR)Assets&quot; &quot;$(TARGET_OUTPUT_DIR)Assets&quot;;' />
			<Add after='cmd /c mkdir &quot;$(TARGET_OUTPUT_DIR)Assets\Sounds&quot;;' />
			<Add after='cmd /c copy &quot;$(PROJECT_DIR)Assets\Sounds&quot; &quot;$(TARGET_OUTPUT_DIR)Assets\Sounds&quot;;' />
		</ExtraCommands>
		<Unit filename=".vscode/settings.json" />
		<Unit filename="Assets/Chicken_Big.gif" />
		<Unit filename="Assets/TikeMyson_Big.gif" />
		<Unit filename="Assets/X-wing.ase" />
		<Unit filename="Assets/space-stars-background-galaxy-seamless-pattern-isolated-blue-background_477745-391.avif" />
		<Unit filename="Boss.cpp" />
		<Unit filename="Boss.h" />
		<Unit filename="Chicken_Player.cpp" />
		<Unit filename="Chicken_Player.h" />
		<Unit filename="Debug/Assets/Chicken_Big.gif" />
		<Unit filename="Debug/Assets/FX89PVSIQ6VD8FE.jpg" />
		<Unit filename="Debug/Assets/TikeMyson_Big.gif" />
		<Unit filename="Debug/Assets/X-wing.ase" />
		<Unit filename="Debug/Assets/space-stars-background-galaxy-seamless-pattern-isolated-blue-background_477745-391.avif" />
		<Unit filename="Debug/OpenGlTest.exe" />
		<Unit filename="Debug/glut32.dll" />
		<Unit filename="Debug/irrKlang.dll" />
		<Unit filename="Debug/libgcc_s_dw2-1.dll" />
		<Unit filename="Debug/libstdc++-6.dll" />
		<Unit filename="Enemy.cpp" />
		<Unit filename="Enemy.h" />
		<Unit filename="Entity.cpp" />
		<Unit filename="Entity.h" />
		<Unit filename="EventManagers/CreditEventManager.cpp" />
		<Unit filename="EventManagers/CreditEventManager.h" />
		<Unit filename="EventManagers/GameEventManager.cpp" />
		<Unit filename="EventManagers/GameEventManager.h" />
		<Unit filename="EventManagers/LandingEventManager.cpp" />
		<Unit filename="EventManagers/LandingEventManager.h" />
		<Unit filename="EventManagers/MenuEventManager.cpp" />
		<Unit filename="EventManagers/MenuEventManager.h" />
		<Unit filename="EventManagers/SealLogoEventManager.cpp" />
		<Unit filename="EventManagers/SealLogoEventManager.h" />
		<Unit filename="EventManagers/TutorialEventManager.cpp" />
		<Unit filename="EventManagers/TutorialEventManager.h" />
		<Unit filename="Explosion.cpp" />
		<Unit filename="Explosion.h" />
		<Unit filename="GameplayData.h" />
		<Unit filename="GamplayData.cpp" />
		<Unit filename="GlobalGameScene.cpp" />
		<Unit filename="GlobalGameScene.h" />
		<Unit filename="GlobalMenuScene.cpp" />
		<Unit filename="GlobalMenuScene.h" />
		<Unit filename="Hitbox.cpp" />
		<Unit filename="Hitbox.h" />
		<Unit filename="IDamageable.cpp" />
		<Unit filename="IDamageable.h" />
		<Unit filename="Midterm.depend" />
		<Unit filename="Midterm.layout" />
		<Unit filename="Obsolete/GLLight.cpp" />
		<Unit filename="Obsolete/GLLight.h" />
		<Unit filename="OpenGlTest.layout" />
		<Unit filename="Parallax.cpp" />
		<Unit filename="Parallax.h" />
		<Unit filename="Player.cpp" />
		<Unit filename="Player.h" />
		<Unit filename="Prefab.cpp" />
		<Unit filename="Prefab.h" />
		<Unit filename="Projectile.cpp" />
		<Unit filename="Projectile.h" />
		<Unit filename="README.txt" />
		<Unit filename="Release/Assets/FX89PVSIQ6VD8FE.jpg" />
		<Unit filename="Release/Assets/X-wing.ase" />
		<Unit filename="Release/Assets/space-stars-background-galaxy-seamless-pattern-isolated-blue-background_477745-391.avif" />
		<Unit filename="Release/glut32.dll" />
		<Unit filename="Release/irrKlang.dll" />
		<Unit filename="Release/libgcc_s_dw2-1.dll" />
		<Unit filename="Release/libstdc++-6.dll" />
		<Unit filename="Robot.cpp" />
		<Unit filename="Robot.h" />
		<Unit filename="SealEngine.h" />
		<Unit filename="SealEngine/Animation/AnimationClip.cpp" />
		<Unit filename="SealEngine/Animation/AnimationClip.h" />
		<Unit filename="SealEngine/Animation/Animator.cpp" />
		<Unit filename="SealEngine/Animation/Animator.h" />
		<Unit filename="SealEngine/Animation/AnimatorController.cpp" />
		<Unit filename="SealEngine/Animation/AnimatorController.h" />
		<Unit filename="SealEngine/ApplicationManager.cpp" />
		<Unit filename="SealEngine/ApplicationManager.h" />
		<Unit filename="SealEngine/AudioSource.cpp" />
		<Unit filename="SealEngine/AudioSource.h" />
		<Unit filename="SealEngine/Camera.cpp" />
		<Unit filename="SealEngine/Camera.h" />
		<Unit filename="SealEngine/Clock.cpp" />
		<Unit filename="SealEngine/Clock.h" />
		<Unit filename="SealEngine/GameObject.cpp" />
		<Unit filename="SealEngine/GameObject.h" />
		<Unit filename="SealEngine/IClonable.cpp" />
		<Unit filename="SealEngine/IClonable.h" />
		<Unit filename="SealEngine/IMessageHandler.cpp" />
		<Unit filename="SealEngine/IMessageHandler.h" />
		<Unit filename="SealEngine/IRenderer.cpp" />
		<Unit filename="SealEngine/IRenderer.h" />
		<Unit filename="SealEngine/Input.cpp" />
		<Unit filename="SealEngine/Input.h" />
		<Unit filename="SealEngine/KeyCode.cpp" />
		<Unit filename="SealEngine/KeyCode.h" />
		<Unit filename="SealEngine/MonoBehaviour.cpp" />
		<Unit filename="SealEngine/MonoBehaviour.h" />
		<Unit filename="SealEngine/Object.cpp" />
		<Unit filename="SealEngine/Object.h" />
		<Unit filename="SealEngine/ObjectPool.cpp" />
		<Unit filename="SealEngine/ObjectPool.h" />
		<Unit filename="SealEngine/Physics/BoxCollider2D.cpp" />
		<Unit filename="SealEngine/Physics/BoxCollider2D.h" />
		<Unit filename="SealEngine/Physics/CircleCollider2D.cpp" />
		<Unit filename="SealEngine/Physics/CircleCollider2D.h" />
		<Unit filename="SealEngine/Physics/Collider2D.cpp" />
		<Unit filename="SealEngine/Physics/Collider2D.h" />
		<Unit filename="SealEngine/Physics/Collision2D.cpp" />
		<Unit filename="SealEngine/Physics/Collision2D.h" />
		<Unit filename="SealEngine/Physics/ContactPoint2D.cpp" />
		<Unit filename="SealEngine/Physics/ContactPoint2D.h" />
		<Unit filename="SealEngine/Physics/Rigidbody2D.cpp" />
		<Unit filename="SealEngine/Physics/Rigidbody2D.h" />
		<Unit filename="SealEngine/Rect.cpp" />
		<Unit filename="SealEngine/Rect.h" />
		<Unit filename="SealEngine/Scene.cpp" />
		<Unit filename="SealEngine/Scene.h" />
		<Unit filename="SealEngine/SceneManager.cpp" />
		<Unit filename="SealEngine/SceneManager.h" />
		<Unit filename="SealEngine/SealPackages.h" />
		<Unit filename="SealEngine/Sprite.cpp" />
		<Unit filename="SealEngine/Sprite.h" />
		<Unit filename="SealEngine/SpriteRenderer.cpp" />
		<Unit filename="SealEngine/SpriteRenderer.h" />
		<Unit filename="SealEngine/Texture2D.cpp" />
		<Unit filename="SealEngine/Texture2D.h" />
		<Unit filename="SealEngine/Transform.cpp" />
		<Unit filename="SealEngine/Transform.h" />
		<Unit filename="SealEngine/Ui/Button.cpp" />
		<Unit filename="SealEngine/Ui/Button.h" />
		<Unit filename="SealEngine/Ui/Image.cpp" />
		<Unit filename="SealEngine/Ui/Image.h" />
		<Unit filename="SealEngine/Ui/Panel.cpp" />
		<Unit filename="SealEngine/Ui/Panel.h" />
		<Unit filename="SealEngine/Ui/Text.cpp" />
		<Unit filename="SealEngine/Ui/Text.h" />
		<Unit filename="SealEngine/Ui/UiElement.cpp" />
		<Unit filename="SealEngine/Ui/UiElement.h" />
		<Unit filename="SealEngine/Vector2.cpp" />
		<Unit filename="SealEngine/Vector2.h" />
		<Unit filename="SealEngine/Vector3.cpp" />
		<Unit filename="SealEngine/Vector3.h" />
		<Unit filename="SenseiWu.cpp" />
		<Unit filename="SenseiWu.h" />
		<Unit filename="Student.cpp" />
		<Unit filename="Student.h" />
		<Unit filename="Testing/Obstacle.cpp" />
		<Unit filename="Testing/Obstacle.h" />
		<Unit filename="Testing/ObstacleSpawner.cpp" />
		<Unit filename="Testing/ObstacleSpawner.h" />
		<Unit filename="Testing/XwingPlayer.cpp" />
		<Unit filename="Testing/XwingPlayer.h" />
		<Unit filename="TikeMyson_Player.cpp" />
		<Unit filename="TikeMyson_Player.h" />
		<Unit filename="main.cpp" />
		<Unit filename="x64/Debug/Assets/Chicken_Big.gif" />
		<Unit filename="x64/Debug/Assets/FX89PVSIQ6VD8FE.jpg" />
		<Unit filename="x64/Debug/Assets/TikeMyson_Big.gif" />
		<Unit filename="x64/Debug/Assets/X-wing.ase" />
		<Unit filename="x64/Debug/Assets/space-stars-background-galaxy-seamless-pattern-isolated-blue-background_477745-391.avif" />
		<Unit filename="x64/Debug/OpenGlTest.Build.CppClean.log" />
		<Unit filename="x64/Debug/OpenGlTest.exe" />
		<Unit filename="x64/Debug/OpenGlTest.exe.recipe" />
		<Unit filename="x64/Debug/OpenGlTest.ilk" />
		<Unit filename="x64/Debug/OpenGlTest.log" />
		<Unit filename="x64/Debug/OpenGlTest.pdb" />
		<Unit filename="x64/Debug/OpenGlTest.tlog/OpenGlTest.lastbuildstate" />
		<Unit filename="x64/Debug/OpenGlTest.vcxproj.FileListAbsolute.txt" />
		<Unit filename="x64/Debug/freeglut.dll" />
		<Unit filename="x64/Debug/irrKlang.dll" />
		<Unit filename="x64/Debug/vc143.idb" />
		<Unit filename="x64/Debug/vc143.pdb" />
		<Unit filename="x64/Release/Assets/Chicken_Big.gif" />
		<Unit filename="x64/Release/Assets/TikeMyson_Big.gif" />
		<Unit filename="x64/Release/Assets/X-wing.ase" />
		<Unit filename="x64/Release/Assets/space-stars-background-galaxy-seamless-pattern-isolated-blue-background_477745-391.avif" />
		<Unit filename="x64/Release/FowlFists.Build.CppClean.log" />
		<Unit filename="x64/Release/FowlFists.exe" />
		<Unit filename="x64/Release/FowlFists.exe.recipe" />
		<Unit filename="x64/Release/FowlFists.iobj" />
		<Unit filename="x64/Release/FowlFists.ipdb" />
		<Unit filename="x64/Release/FowlFists.pdb" />
		<Unit filename="x64/Release/FowlFists.tlog/FowlFists.lastbuildstate" />
		<Unit filename="x64/Release/OpenGlTest.Build.CppClean.log" />
		<Unit filename="x64/Release/OpenGlTest.exe.recipe" />
		<Unit filename="x64/Release/OpenGlTest.log" />
		<Unit filename="x64/Release/OpenGlTest.tlog/OpenGlTest.lastbuildstate" />
		<Unit filename="x64/Release/OpenGlTest.vcxproj.FileListAbsolute.txt" />
		<Unit filename="x64/Release/freeglut.dll" />
		<Unit filename="x64/Release/irrKlang.dll" />
		<Unit filename="x64/Release/vc143.pdb" />
		<Extensions />
	</Project>
</CodeBlocks_project_file>
