<?xml version="1.0" encoding="utf-8"?>
<Project ToolsVersion="4.0" xmlns="http://schemas.microsoft.com/developer/msbuild/2003">
  <ItemGroup>
    <ClCompile Include="Enemy.cpp" />
    <ClCompile Include="Player.cpp" />
    <ClCompile Include="main.cpp" />
    <ClCompile Include="Font.cpp" />
    <ClCompile Include="Projectile.cpp" />
    <ClCompile Include="GlobalMenuScene.cpp" />
    <ClCompile Include="SealEngine\Animation\AnimationClip.cpp" />
    <ClCompile Include="SealEngine\Animation\Animator.cpp" />
    <ClCompile Include="SealEngine\Animation\AnimatorController.cpp" />
    <ClCompile Include="SealEngine\ApplicationManager.cpp" />
    <ClCompile Include="SealEngine\Clock.cpp" />
    <ClCompile Include="SealEngine\Physics\Collider2D.cpp" />
    <ClCompile Include="SealEngine\GameObject.cpp" />
    <ClCompile Include="SealEngine\IClonable.cpp" />
    <ClCompile Include="SealEngine\IMessageHandler.cpp" />
    <ClCompile Include="SealEngine\Input.cpp" />
    <ClCompile Include="SealEngine\KeyCode.cpp" />
    <ClCompile Include="SealEngine\MonoBehaviour.cpp" />
    <ClCompile Include="SealEngine\Object.cpp" />
    <ClCompile Include="Parallax.cpp" />
    <ClCompile Include="SealEngine\Rect.cpp" />
    <ClCompile Include="SealEngine\Scene.cpp" />
    <ClCompile Include="SealEngine\SceneManager.cpp" />
    <ClCompile Include="SealEngine\Sprite.cpp" />
    <ClCompile Include="SealEngine\SpriteRenderer.cpp" />
    <ClCompile Include="SealEngine\Texture2D.cpp" />
    <ClCompile Include="SealEngine\Transform.cpp" />
    <ClCompile Include="SealEngine\Vector2.cpp" />
    <ClCompile Include="SealEngine\Vector3.cpp" />
    <ClCompile Include="SealEngine\Physics\Rigidbody2D.cpp" />
    <ClCompile Include="SealEngine\Physics\Collision2D.cpp" />
    <ClCompile Include="SealEngine\Physics\BoxCollider2D.cpp" />
    <ClCompile Include="SealEngine\Physics\CircleCollider2D.cpp" />
    <ClCompile Include="SealEngine\Physics\ContactPoint2D.cpp" />
    <ClCompile Include="Boss.cpp" />
    <ClCompile Include="SealEngine\AudioSource.cpp" />
    <ClCompile Include="SealEngine\IRenderer.cpp" />
    <ClCompile Include="SealEngine\Ui\Image.cpp" />
    <ClCompile Include="SealEngine\Camera.cpp" />
    <ClCompile Include="IDamageable.cpp" />
    <ClCompile Include="SealEngine\Ui\Button.cpp" />
    <ClCompile Include="Testing\Obstacle.cpp" />
    <ClCompile Include="Testing\ObstacleSpawner.cpp" />
    <ClCompile Include="TikeMyson_Player.cpp" />
    <ClCompile Include="Testing\XwingPlayer.cpp" />
    <ClCompile Include="SealEngine\Ui\UiElement.cpp" />
    <ClCompile Include="SealEngine\Ui\Panel.cpp" />
    <ClCompile Include="Testing\TestScene.cpp" />
    <ClCompile Include="SealEngine\FontRender.cpp" />
    <ClCompile Include="Chicken_Player.cpp" />
    <ClCompile Include="Entity.cpp" />
    <ClCompile Include="Explosion.cpp" />
    <ClCompile Include="GamplayData.cpp" />
    <ClCompile Include="Robot.cpp" />
    <ClCompile Include="SealEngine\ObjectPool.cpp" />
    <ClCompile Include="Prefab.cpp" />
    <ClCompile Include="EventManagers\CreditEventManager.cpp" />
    <ClCompile Include="GlobalGameScene.cpp" />
    <ClCompile Include="Hitbox.cpp" />
    <ClCompile Include="EventManagers\GameEventManager.cpp" />
    <ClCompile Include="EventManagers\LandingEventManager.cpp" />
    <ClCompile Include="EventManagers\MenuEventManager.cpp" />
    <ClCompile Include="EventManagers\SealLogoEventManager.cpp" />
    <ClCompile Include="SealEngine\Ui\Text.cpp" />
    <ClCompile Include="EventManagers\TutorialEventManager.cpp" />
    <ClCompile Include="SenseiWu.cpp" />
    <ClCompile Include="Student.cpp" />
  </ItemGroup>
  <ItemGroup>
    <ClInclude Include="Enemy.h" />
    <ClInclude Include="Player.h" />
    <ClInclude Include="SealEngine.h" />
    <ClInclude Include="Font.h" />
    <ClInclude Include="Projectile.h" />
    <ClInclude Include="SealEngine\SealPackages.h" />
    <ClInclude Include="GlobalMenuScene.h" />
    <ClInclude Include="SealEngine\Animation\AnimationClip.h" />
    <ClInclude Include="SealEngine\Animation\Animator.h" />
    <ClInclude Include="SealEngine\Animation\AnimatorController.h" />
    <ClInclude Include="SealEngine\ApplicationManager.h" />
    <ClInclude Include="SealEngine\Clock.h" />
    <ClInclude Include="SealEngine\Physics\Collider2D.h" />
    <ClInclude Include="SealEngine\GameObject.h" />
    <ClInclude Include="SealEngine\IClonable.h" />
    <ClInclude Include="SealEngine\IMessageHandler.h" />
    <ClInclude Include="SealEngine\Input.h" />
    <ClInclude Include="SealEngine\KeyCode.h" />
    <ClInclude Include="SealEngine\MonoBehaviour.h" />
    <ClInclude Include="SealEngine\Object.h" />
    <ClInclude Include="Parallax.h" />
    <ClInclude Include="SealEngine\Rect.h" />
    <ClInclude Include="SealEngine\Scene.h" />
    <ClInclude Include="SealEngine\SceneManager.h" />
    <ClInclude Include="SealEngine\Sprite.h" />
    <ClInclude Include="SealEngine\SpriteRenderer.h" />
    <ClInclude Include="SealEngine\Texture2D.h" />
    <ClInclude Include="SealEngine\Transform.h" />
    <ClInclude Include="SealEngine\Vector2.h" />
    <ClInclude Include="SealEngine\Vector3.h" />
    <ClInclude Include="SealEngine\Physics\Rigidbody2D.h" />
    <ClInclude Include="SealEngine\Physics\Collision2D.h" />
    <ClInclude Include="SealEngine\Physics\BoxCollider2D.h" />
    <ClInclude Include="SealEngine\Physics\CircleCollider2D.h" />
    <ClInclude Include="SealEngine\Physics\ContactPoint2D.h" />
    <ClInclude Include="Boss.h" />
    <ClInclude Include="SealEngine\AudioSource.h" />
    <ClInclude Include="IDamageable.h" />
    <ClInclude Include="SealEngine\IRenderer.h" />
    <ClInclude Include="SealEngine\Ui\Image.h" />
    <ClInclude Include="SealEngine\Camera.h" />
    <ClInclude Include="SealEngine\Ui\Button.h" />
    <ClInclude Include="Testing\Obstacle.h" />
    <ClInclude Include="Testing\ObstacleSpawner.h" />
    <ClInclude Include="TikeMyson_Player.h" />
    <ClInclude Include="Testing\XwingPlayer.h" />
    <ClInclude Include="SealEngine\Ui\UiElement.h" />
    <ClInclude Include="SealEngine\Ui\Panel.h" />
    <ClInclude Include="Testing\TestScene.h" />
    <ClInclude Include="SealEngine\FontRender.h" />
    <ClInclude Include="Chicken_Player.h" />
    <ClInclude Include="Entity.h" />
    <ClInclude Include="Explosion.h" />
    <ClInclude Include="GameplayData.h" />
    <ClInclude Include="Robot.h" />
    <ClInclude Include="SealEngine\ObjectPool.h" />
    <ClInclude Include="Prefab.h" />
    <ClInclude Include="EventManagers\CreditEventManager.h" />
    <ClInclude Include="GlobalGameScene.h" />
    <ClInclude Include="Hitbox.h" />
    <ClInclude Include="EventManagers\GameEventManager.h" />
    <ClInclude Include="EventManagers\LandingEventManager.h" />
    <ClInclude Include="EventManagers\MenuEventManager.h" />
    <ClInclude Include="EventManagers\SealLogoEventManager.h" />
    <ClInclude Include="SealEngine\Ui\Text.h" />
    <ClInclude Include="EventManagers\TutorialEventManager.h" />
    <ClInclude Include="SenseiWu.h" />
    <ClInclude Include="Student.h" />
  </ItemGroup>
  <ItemGroup>
    <Image Include="Assets\font.png" />
    <Image Include="Assets\Googleplex.jpg" />
    <Image Include="Assets\GreenSlime.png" />
    <Image Include="Assets\Hector_Run.png" />
    <Image Include="Assets\X-wing.png" />
    <Image Include="Assets\Projectile_Blue.png" />
  </ItemGroup>
  <ItemGroup>
    <Media Include="Assets\PlasmaBlast.wav" />
  </ItemGroup>
</Project>