<?xml version="1.0" encoding="UTF-8" standalone="yes" ?>
<CodeBlocks_project_file>
	<FileVersion major="1" minor="6" />
	<Project>
		<Option title="MidTerm" />
		<Option pch_mode="2" />
		<Option compiler="gcc" />
		<Build>
			<Target title="Debug">
				<Option output="bin/Debug/MidTerm" prefix_auto="1" extension_auto="1" />
				<Option object_output="obj/Debug/" />
				<Option type="1" />
				<Option compiler="gcc" />
				<Compiler>
					<Add option="-g" />
					<Add directory="include" />
				</Compiler>
			</Target>
			<Target title="Release">
				<Option output="bin/Release/MidTerm" prefix_auto="1" extension_auto="1" />
				<Option object_output="obj/Release/" />
				<Option type="0" />
				<Option compiler="gcc" />
				<Compiler>
					<Add option="-O2" />
					<Add directory="include" />
				</Compiler>
				<Linker>
					<Add option="-s" />
				</Linker>
			</Target>
		</Build>
		<Compiler>
			<Add option="-Wall" />
			<Add directory="../Common/include" />
		</Compiler>
		<Linker>
			<Add library="../Common/lib/libSOIL.a" />
			<Add library="../Common/lib/glut32.lib" />
			<Add library="opengl32" />
			<Add library="glu32" />
			<Add library="gdi32" />
			<Add directory="../Common/lib" />
		</Linker>
		<Unit filename="include/GLLight.h" />
		<Unit filename="include/GLScene.h" />
		<Unit filename="include/Inputs.h" />
		<Unit filename="include/Model.h" />
		<Unit filename="include/checkCollision.h" />
		<Unit filename="include/commons.h" />
		<Unit filename="include/enms.h" />
		<Unit filename="include/parallax.h" />
		<Unit filename="include/player.h" />
		<Unit filename="include/textureLoader.h" />
		<Unit filename="main.cpp" />
		<Unit filename="src/GLLight.cpp" />
		<Unit filename="src/GLScene.cpp" />
		<Unit filename="src/Inputs.cpp" />
		<Unit filename="src/Model.cpp" />
		<Unit filename="src/checkCollision.cpp" />
		<Unit filename="src/commons .cpp" />
		<Unit filename="src/enms.cpp" />
		<Unit filename="src/parallax.cpp" />
		<Unit filename="src/player.cpp" />
		<Unit filename="src/textureLoader.cpp" />
		<Extensions>
			<lib_finder disable_auto="1" />
		</Extensions>
	</Project>
</CodeBlocks_project_file>
