<?xml version="1.0" encoding="UTF-8" standalone="yes" ?>
<CodeBlocks_project_file>
	<FileVersion major="1" minor="6" />
	<Project>
		<Option title="MidTerm" />
		<Option pch_mode="2" />
		<Option compiler="gcc" />
		<Build>
			<Target title="Debug">
				<Option output="bin/Debug/MidTerm" prefix_auto="1" extension_auto="1" />
				<Option object_output="obj/Debug/" />
				<Option type="0" />
				<Option compiler="gcc" />
				<Compiler>
					<Add option="-g" />
					<Add directory="include" />
				</Compiler>
			</Target>
			<Target title="Release">
				<Option output="bin/Release/MidTerm" prefix_auto="1" extension_auto="1" />
				<Option object_output="obj/Release/" />
				<Option type="0" />
				<Option compiler="gcc" />
				<Compiler>
					<Add option="-O2" />
					<Add option="-std=gnu++14" />
					<Add directory="include" />
				</Compiler>
				<Linker>
					<Add option="-s" />
				</Linker>
			</Target>
		</Build>
		<Compiler>
			<Add option="-Wall" />
			<Add option="-std=c++14" />
			<Add option="-std=c17" />
			<Add directory="../Common/include" />
		</Compiler>
		<Linker>
			<Add option="-static-libstdc++" />
			<Add option="-static-libgcc" />
			<Add option="-static" />
			<Add library="../Common/lib/libSOIL.a" />
			<Add library="../Common/lib/glut32.lib" />
			<Add library="opengl32" />
			<Add library="glu32" />
			<Add library="gdi32" />
			<Add directory="../Common/lib" />
		</Linker>
		<ExtraCommands>
			<Add after='cmd /c copy &quot;$(PROJECT_DIR)..\Common\bin\Win32&quot; &quot;$(TARGET_OUTPUT_DIR)&quot;;' />
		</ExtraCommands>
		<Unit filename="include/AnimationClip.h" />
		<Unit filename="include/Animator.h" />
		<Unit filename="include/AnimatorController.h" />
		<Unit filename="include/AssetManager.h" />
		<Unit filename="include/Assets_Scenes.h" />
		<Unit filename="include/GLLight.h" />
		<Unit filename="include/GameEventManager.h" />
		<Unit filename="include/GameObject.h" />
		<Unit filename="include/IClonable.h" />
		<Unit filename="include/IMessageHandler.h" />
		<Unit filename="include/Inputs.h" />
		<Unit filename="include/KeyCode.h" />
		<Unit filename="include/LandingEventManager.h" />
		<Unit filename="include/MenuEventManager.h" />
		<Unit filename="include/Model.h" />
		<Unit filename="include/MonoBehaviour.h" />
		<Unit filename="include/Object.h" />
		<Unit filename="include/Projectile.h" />
		<Unit filename="include/Rect.h" />
		<Unit filename="include/Scene.h" />
		<Unit filename="include/SceneManager.h" />
		<Unit filename="include/SealEngine.h" />
		<Unit filename="include/SealPackages.h" />
		<Unit filename="include/Sprite.h" />
		<Unit filename="include/SpriteRenderer.h" />
		<Unit filename="include/Texture2D.h" />
		<Unit filename="include/Time2.h" />
		<Unit filename="include/Transform.h" />
		<Unit filename="include/TutorialEventManager.h" />
		<Unit filename="include/Vector2.h" />
		<Unit filename="include/Vector3.h" />
		<Unit filename="include/checkCollision.h" />
		<Unit filename="include/commons .h" />
		<Unit filename="include/commons.h" />
		<Unit filename="include/enms.h" />
		<Unit filename="include/parallax.h" />
		<Unit filename="include/player.h" />
		<Unit filename="include/textureLoader.h" />
		<Unit filename="main.cpp" />
		<Unit filename="src/AnimationClip.cpp" />
		<Unit filename="src/Animator.cpp" />
		<Unit filename="src/AnimatorController.cpp" />
		<Unit filename="src/AssetManager.cpp" />
		<Unit filename="src/Assets_Scenes.cpp" />
		<Unit filename="src/GLLight.cpp" />
		<Unit filename="src/GameEventManager.cpp" />
		<Unit filename="src/GameObject.cpp" />
		<Unit filename="src/IClonable.cpp" />
		<Unit filename="src/IMessageHandler.cpp" />
		<Unit filename="src/Inputs.cpp" />
		<Unit filename="src/KeyCode.cpp" />
		<Unit filename="src/LandingEventManager.cpp" />
		<Unit filename="src/MenuEventManager.cpp" />
		<Unit filename="src/Model.cpp" />
		<Unit filename="src/MonoBehaviour.cpp" />
		<Unit filename="src/Object.cpp" />
		<Unit filename="src/Projectile.cpp" />
		<Unit filename="src/Rect.cpp" />
		<Unit filename="src/Scene.cpp" />
		<Unit filename="src/SceneManager.cpp" />
		<Unit filename="src/Sprite.cpp" />
		<Unit filename="src/SpriteRenderer.cpp" />
		<Unit filename="src/Texture2D.cpp" />
		<Unit filename="src/Time.cpp" />
		<Unit filename="src/Transform.cpp" />
		<Unit filename="src/TutorialEventManager.cpp" />
		<Unit filename="src/Vector2.cpp" />
		<Unit filename="src/Vector3.cpp" />
		<Unit filename="src/checkCollision.cpp" />
		<Unit filename="src/commons.cpp" />
		<Unit filename="src/enms.cpp" />
		<Unit filename="src/parallax.cpp" />
		<Unit filename="src/player.cpp" />
		<Unit filename="src/textureLoader.cpp" />
		<Extensions>
			<lib_finder disable_auto="1" />
		</Extensions>
	</Project>
</CodeBlocks_project_file>
