<?xml version="1.0" encoding="utf-8"?>
<Project ToolsVersion="4.0" xmlns="http://schemas.microsoft.com/developer/msbuild/2003">
  <ItemGroup>
    <ClCompile Include="ApplicationManager.cpp" />
    <ClCompile Include="AssetManager.cpp" />
    <ClCompile Include="CheckCollision.cpp" />
    <ClCompile Include="Enemy.cpp" />
    <ClCompile Include="GameObject.cpp" />
    <ClCompile Include="GLLight.cpp" />
    <ClCompile Include="IMessageHandler.cpp" />
    <ClCompile Include="KeyCode.cpp" />
    <ClCompile Include="MonoBehaviour.cpp" />
    <ClCompile Include="Object.cpp" />
    <ClCompile Include="Parallax.cpp" />
    <ClCompile Include="Player.cpp" />
    <ClCompile Include="Rect.cpp" />
    <ClCompile Include="Scene.cpp" />
    <ClCompile Include="SceneManager.cpp" />
    <ClCompile Include="Inputs.cpp" />
    <ClCompile Include="main.cpp" />
    <ClCompile Include="Model.cpp" />
    <ClCompile Include="Sprite.cpp" />
    <ClCompile Include="SpriteRenderer.cpp" />
    <ClCompile Include="Texture2D.cpp" />
    <ClCompile Include="Transform.cpp" />
    <ClCompile Include="Vector2.cpp" />
    <ClCompile Include="Vector3.cpp" />
    <ClCompile Include="Time.cpp" />
    <ClCompile Include="AnimationClip.cpp" />
    <ClCompile Include="Animator.cpp" />
    <ClCompile Include="AnimatorController.cpp" />
    <ClCompile Include="Font.cpp" />
    <ClCompile Include="Projectile.cpp" />
    <ClCompile Include="LandingScene.cpp" />
    <ClCompile Include="IClonable.cpp" />
    <ClCompile Include="Collider2D.cpp" />
    <ClCompile Include="Parallax2.cpp" />
    <ClCompile Include="Obstacle.cpp" />
    <ClCompile Include="ObstacleSpawner.cpp" />
  </ItemGroup>
  <ItemGroup>
    <ClInclude Include="AssetManager.h" />
    <ClInclude Include="CheckCollision.h" />
    <ClInclude Include="Enemy.h" />
    <ClInclude Include="GameObject.h" />
    <ClInclude Include="GLLight.h" />
    <ClInclude Include="KeyCode.h" />
    <ClInclude Include="MonoBehaviour.h" />
    <ClInclude Include="Object.h" />
    <ClInclude Include="Parallax.h" />
    <ClInclude Include="Player.h" />
    <ClInclude Include="Rect.h" />
    <ClInclude Include="Scene.h" />
    <ClInclude Include="SceneManager.h" />
    <ClInclude Include="Inputs.h" />
    <ClInclude Include="Model.h" />
    <ClInclude Include="SealEngine.h" />
    <ClInclude Include="Sprite.h" />
    <ClInclude Include="SpriteRenderer.h" />
    <ClInclude Include="Texture2D.h" />
    <ClInclude Include="Transform.h" />
    <ClInclude Include="Vector2.h" />
    <ClInclude Include="Vector3.h" />
    <ClInclude Include="ApplicationManager.h" />
    <ClInclude Include="Time.h" />
    <ClInclude Include="AnimationClip.h" />
    <ClInclude Include="Animator.h" />
    <ClInclude Include="AnimatorController.h" />
    <ClInclude Include="Font.h" />
    <ClInclude Include="Projectile.h" />
    <ClInclude Include="IMessageHandler.h" />
    <ClInclude Include="SealPackages.h" />
    <ClInclude Include="LandingScene.h" />
    <ClInclude Include="IClonable.h" />
    <ClInclude Include="Collider2D.h" />
    <ClInclude Include="Parallax2.h" />
    <ClInclude Include="Obstacle.h" />
    <ClInclude Include="ObstacleSpawner.h" />
  </ItemGroup>
  <ItemGroup>
    <Image Include="Assets\font.png" />
    <Image Include="Assets\Googleplex.jpg" />
    <Image Include="Assets\GreenSlime.png" />
    <Image Include="Assets\Hector_Run.png" />
    <Image Include="Assets\X-wing.png" />
    <Image Include="Assets\Projectile_Blue.png" />
    <Image Include="Assets\Nario.png" />
    <Image Include="Assets\SkyBackground.png" />
    <Image Include="Assets\MountainBackground.png" />
  </ItemGroup>
  <ItemGroup>
    <Media Include="Assets\PlasmaBlast.wav" />
  </ItemGroup>
  <ItemGroup>
    <Text Include="README.txt" />
  </ItemGroup>
</Project>